// !$*UTF8*$!
{
	archiveVersion = 1;
	classes = {
	};
	objectVersion = 50;
	objects = {

/* Begin PBXBuildFile section */
		B65E18C521DB80C000ADD290 /* AppDelegate.swift in Sources */ = {isa = PBXBuildFile; fileRef = B65E18C421DB80C000ADD290 /* AppDelegate.swift */; };
		B65E18C721DB80C000ADD290 /* ViewController.swift in Sources */ = {isa = PBXBuildFile; fileRef = B65E18C621DB80C000ADD290 /* ViewController.swift */; };
		B65E18CA21DB80C000ADD290 /* Main.storyboard in Resources */ = {isa = PBXBuildFile; fileRef = B65E18C821DB80C000ADD290 /* Main.storyboard */; };
		B65E18CC21DB80C100ADD290 /* Assets.xcassets in Resources */ = {isa = PBXBuildFile; fileRef = B65E18CB21DB80C100ADD290 /* Assets.xcassets */; };
		B65E18CF21DB80C100ADD290 /* LaunchScreen.storyboard in Resources */ = {isa = PBXBuildFile; fileRef = B65E18CD21DB80C100ADD290 /* LaunchScreen.storyboard */; };
		B65E18DA21DB80C100ADD290 /* handwerk_secondTests.swift in Sources */ = {isa = PBXBuildFile; fileRef = B65E18D921DB80C100ADD290 /* handwerk_secondTests.swift */; };
		B65E18E521DB80C100ADD290 /* handwerk_secondUITests.swift in Sources */ = {isa = PBXBuildFile; fileRef = B65E18E421DB80C100ADD290 /* handwerk_secondUITests.swift */; };
/* End PBXBuildFile section */

/* Begin PBXContainerItemProxy section */
		B65E18D621DB80C100ADD290 /* PBXContainerItemProxy */ = {
			isa = PBXContainerItemProxy;
			containerPortal = B65E18B921DB80C000ADD290 /* Project object */;
			proxyType = 1;
			remoteGlobalIDString = B65E18C021DB80C000ADD290;
			remoteInfo = handwerk_second;
		};
		B65E18E121DB80C100ADD290 /* PBXContainerItemProxy */ = {
			isa = PBXContainerItemProxy;
			containerPortal = B65E18B921DB80C000ADD290 /* Project object */;
			proxyType = 1;
			remoteGlobalIDString = B65E18C021DB80C000ADD290;
			remoteInfo = handwerk_second;
		};
/* End PBXContainerItemProxy section */

/* Begin PBXFileReference section */
		B65E18C121DB80C000ADD290 /* handwerk_second.app */ = {isa = PBXFileReference; explicitFileType = wrapper.application; includeInIndex = 0; path = handwerk_second.app; sourceTree = BUILT_PRODUCTS_DIR; };
		B65E18C421DB80C000ADD290 /* AppDelegate.swift */ = {isa = PBXFileReference; lastKnownFileType = sourcecode.swift; path = AppDelegate.swift; sourceTree = "<group>"; };
		B65E18C621DB80C000ADD290 /* ViewController.swift */ = {isa = PBXFileReference; lastKnownFileType = sourcecode.swift; path = ViewController.swift; sourceTree = "<group>"; };
		B65E18C921DB80C000ADD290 /* Base */ = {isa = PBXFileReference; lastKnownFileType = file.storyboard; name = Base; path = Base.lproj/Main.storyboard; sourceTree = "<group>"; };
		B65E18CB21DB80C100ADD290 /* Assets.xcassets */ = {isa = PBXFileReference; lastKnownFileType = folder.assetcatalog; path = Assets.xcassets; sourceTree = "<group>"; };
		B65E18CE21DB80C100ADD290 /* Base */ = {isa = PBXFileReference; lastKnownFileType = file.storyboard; name = Base; path = Base.lproj/LaunchScreen.storyboard; sourceTree = "<group>"; };
		B65E18D021DB80C100ADD290 /* Info.plist */ = {isa = PBXFileReference; lastKnownFileType = text.plist.xml; path = Info.plist; sourceTree = "<group>"; };
		B65E18D521DB80C100ADD290 /* handwerk_secondTests.xctest */ = {isa = PBXFileReference; explicitFileType = wrapper.cfbundle; includeInIndex = 0; path = handwerk_secondTests.xctest; sourceTree = BUILT_PRODUCTS_DIR; };
		B65E18D921DB80C100ADD290 /* handwerk_secondTests.swift */ = {isa = PBXFileReference; lastKnownFileType = sourcecode.swift; path = handwerk_secondTests.swift; sourceTree = "<group>"; };
		B65E18DB21DB80C100ADD290 /* Info.plist */ = {isa = PBXFileReference; lastKnownFileType = text.plist.xml; path = Info.plist; sourceTree = "<group>"; };
		B65E18E021DB80C100ADD290 /* handwerk_secondUITests.xctest */ = {isa = PBXFileReference; explicitFileType = wrapper.cfbundle; includeInIndex = 0; path = handwerk_secondUITests.xctest; sourceTree = BUILT_PRODUCTS_DIR; };
		B65E18E421DB80C100ADD290 /* handwerk_secondUITests.swift */ = {isa = PBXFileReference; lastKnownFileType = sourcecode.swift; path = handwerk_secondUITests.swift; sourceTree = "<group>"; };
		B65E18E621DB80C100ADD290 /* Info.plist */ = {isa = PBXFileReference; lastKnownFileType = text.plist.xml; path = Info.plist; sourceTree = "<group>"; };
/* End PBXFileReference section */

/* Begin PBXFrameworksBuildPhase section */
		B65E18BE21DB80C000ADD290 /* Frameworks */ = {
			isa = PBXFrameworksBuildPhase;
			buildActionMask = 2147483647;
			files = (
			);
			runOnlyForDeploymentPostprocessing = 0;
		};
		B65E18D221DB80C100ADD290 /* Frameworks */ = {
			isa = PBXFrameworksBuildPhase;
			buildActionMask = 2147483647;
			files = (
			);
			runOnlyForDeploymentPostprocessing = 0;
		};
		B65E18DD21DB80C100ADD290 /* Frameworks */ = {
			isa = PBXFrameworksBuildPhase;
			buildActionMask = 2147483647;
			files = (
			);
			runOnlyForDeploymentPostprocessing = 0;
		};
/* End PBXFrameworksBuildPhase section */

/* Begin PBXGroup section */
		B65E18B821DB80C000ADD290 = {
			isa = PBXGroup;
			children = (
				B65E18C321DB80C000ADD290 /* handwerk_second */,
				B65E18D821DB80C100ADD290 /* handwerk_secondTests */,
				B65E18E321DB80C100ADD290 /* handwerk_secondUITests */,
				B65E18C221DB80C000ADD290 /* Products */,
			);
			sourceTree = "<group>";
		};
		B65E18C221DB80C000ADD290 /* Products */ = {
			isa = PBXGroup;
			children = (
				B65E18C121DB80C000ADD290 /* handwerk_second.app */,
				B65E18D521DB80C100ADD290 /* handwerk_secondTests.xctest */,
				B65E18E021DB80C100ADD290 /* handwerk_secondUITests.xctest */,
			);
			name = Products;
			sourceTree = "<group>";
		};
		B65E18C321DB80C000ADD290 /* handwerk_second */ = {
			isa = PBXGroup;
			children = (
				B65E18C421DB80C000ADD290 /* AppDelegate.swift */,
				B65E18C621DB80C000ADD290 /* ViewController.swift */,
				B65E18C821DB80C000ADD290 /* Main.storyboard */,
				B65E18CB21DB80C100ADD290 /* Assets.xcassets */,
				B65E18CD21DB80C100ADD290 /* LaunchScreen.storyboard */,
				B65E18D021DB80C100ADD290 /* Info.plist */,
			);
			path = handwerk_second;
			sourceTree = "<group>";
		};
		B65E18D821DB80C100ADD290 /* handwerk_secondTests */ = {
			isa = PBXGroup;
			children = (
				B65E18D921DB80C100ADD290 /* handwerk_secondTests.swift */,
				B65E18DB21DB80C100ADD290 /* Info.plist */,
			);
			path = handwerk_secondTests;
			sourceTree = "<group>";
		};
		B65E18E321DB80C100ADD290 /* handwerk_secondUITests */ = {
			isa = PBXGroup;
			children = (
				B65E18E421DB80C100ADD290 /* handwerk_secondUITests.swift */,
				B65E18E621DB80C100ADD290 /* Info.plist */,
			);
			path = handwerk_secondUITests;
			sourceTree = "<group>";
		};
/* End PBXGroup section */

/* Begin PBXNativeTarget section */
		B65E18C021DB80C000ADD290 /* handwerk_second */ = {
			isa = PBXNativeTarget;
			buildConfigurationList = B65E18E921DB80C100ADD290 /* Build configuration list for PBXNativeTarget "handwerk_second" */;
			buildPhases = (
				B65E18BD21DB80C000ADD290 /* Sources */,
				B65E18BE21DB80C000ADD290 /* Frameworks */,
				B65E18BF21DB80C000ADD290 /* Resources */,
			);
			buildRules = (
			);
			dependencies = (
			);
			name = handwerk_second;
			productName = handwerk_second;
			productReference = B65E18C121DB80C000ADD290 /* handwerk_second.app */;
			productType = "com.apple.product-type.application";
		};
		B65E18D421DB80C100ADD290 /* handwerk_secondTests */ = {
			isa = PBXNativeTarget;
			buildConfigurationList = B65E18EC21DB80C100ADD290 /* Build configuration list for PBXNativeTarget "handwerk_secondTests" */;
			buildPhases = (
				B65E18D121DB80C100ADD290 /* Sources */,
				B65E18D221DB80C100ADD290 /* Frameworks */,
				B65E18D321DB80C100ADD290 /* Resources */,
			);
			buildRules = (
			);
			dependencies = (
				B65E18D721DB80C100ADD290 /* PBXTargetDependency */,
			);
			name = handwerk_secondTests;
			productName = handwerk_secondTests;
			productReference = B65E18D521DB80C100ADD290 /* handwerk_secondTests.xctest */;
			productType = "com.apple.product-type.bundle.unit-test";
		};
		B65E18DF21DB80C100ADD290 /* handwerk_secondUITests */ = {
			isa = PBXNativeTarget;
			buildConfigurationList = B65E18EF21DB80C100ADD290 /* Build configuration list for PBXNativeTarget "handwerk_secondUITests" */;
			buildPhases = (
				B65E18DC21DB80C100ADD290 /* Sources */,
				B65E18DD21DB80C100ADD290 /* Frameworks */,
				B65E18DE21DB80C100ADD290 /* Resources */,
			);
			buildRules = (
			);
			dependencies = (
				B65E18E221DB80C100ADD290 /* PBXTargetDependency */,
			);
			name = handwerk_secondUITests;
			productName = handwerk_secondUITests;
			productReference = B65E18E021DB80C100ADD290 /* handwerk_secondUITests.xctest */;
			productType = "com.apple.product-type.bundle.ui-testing";
		};
/* End PBXNativeTarget section */

/* Begin PBXProject section */
		B65E18B921DB80C000ADD290 /* Project object */ = {
			isa = PBXProject;
			attributes = {
				LastSwiftUpdateCheck = 1010;
				LastUpgradeCheck = 1010;
				ORGANIZATIONNAME = "배성희";
				TargetAttributes = {
					B65E18C021DB80C000ADD290 = {
						CreatedOnToolsVersion = 10.1;
					};
					B65E18D421DB80C100ADD290 = {
						CreatedOnToolsVersion = 10.1;
						TestTargetID = B65E18C021DB80C000ADD290;
					};
					B65E18DF21DB80C100ADD290 = {
						CreatedOnToolsVersion = 10.1;
						TestTargetID = B65E18C021DB80C000ADD290;
					};
				};
			};
			buildConfigurationList = B65E18BC21DB80C000ADD290 /* Build configuration list for PBXProject "handwerk_second" */;
			compatibilityVersion = "Xcode 9.3";
			developmentRegion = en;
			hasScannedForEncodings = 0;
			knownRegions = (
				en,
				Base,
			);
			mainGroup = B65E18B821DB80C000ADD290;
			productRefGroup = B65E18C221DB80C000ADD290 /* Products */;
			projectDirPath = "";
			projectRoot = "";
			targets = (
				B65E18C021DB80C000ADD290 /* handwerk_second */,
				B65E18D421DB80C100ADD290 /* handwerk_secondTests */,
				B65E18DF21DB80C100ADD290 /* handwerk_secondUITests */,
			);
		};
/* End PBXProject section */

/* Begin PBXResourcesBuildPhase section */
		B65E18BF21DB80C000ADD290 /* Resources */ = {
			isa = PBXResourcesBuildPhase;
			buildActionMask = 2147483647;
			files = (
				B65E18CF21DB80C100ADD290 /* LaunchScreen.storyboard in Resources */,
				B65E18CC21DB80C100ADD290 /* Assets.xcassets in Resources */,
				B65E18CA21DB80C000ADD290 /* Main.storyboard in Resources */,
			);
			runOnlyForDeploymentPostprocessing = 0;
		};
		B65E18D321DB80C100ADD290 /* Resources */ = {
			isa = PBXResourcesBuildPhase;
			buildActionMask = 2147483647;
			files = (
			);
			runOnlyForDeploymentPostprocessing = 0;
		};
		B65E18DE21DB80C100ADD290 /* Resources */ = {
			isa = PBXResourcesBuildPhase;
			buildActionMask = 2147483647;
			files = (
			);
			runOnlyForDeploymentPostprocessing = 0;
		};
/* End PBXResourcesBuildPhase section */

/* Begin PBXSourcesBuildPhase section */
		B65E18BD21DB80C000ADD290 /* Sources */ = {
			isa = PBXSourcesBuildPhase;
			buildActionMask = 2147483647;
			files = (
				B65E18C721DB80C000ADD290 /* ViewController.swift in Sources */,
				B65E18C521DB80C000ADD290 /* AppDelegate.swift in Sources */,
			);
			runOnlyForDeploymentPostprocessing = 0;
		};
		B65E18D121DB80C100ADD290 /* Sources */ = {
			isa = PBXSourcesBuildPhase;
			buildActionMask = 2147483647;
			files = (
				B65E18DA21DB80C100ADD290 /* handwerk_secondTests.swift in Sources */,
			);
			runOnlyForDeploymentPostprocessing = 0;
		};
		B65E18DC21DB80C100ADD290 /* Sources */ = {
			isa = PBXSourcesBuildPhase;
			buildActionMask = 2147483647;
			files = (
				B65E18E521DB80C100ADD290 /* handwerk_secondUITests.swift in Sources */,
			);
			runOnlyForDeploymentPostprocessing = 0;
		};
/* End PBXSourcesBuildPhase section */

/* Begin PBXTargetDependency section */
		B65E18D721DB80C100ADD290 /* PBXTargetDependency */ = {
			isa = PBXTargetDependency;
			target = B65E18C021DB80C000ADD290 /* handwerk_second */;
			targetProxy = B65E18D621DB80C100ADD290 /* PBXContainerItemProxy */;
		};
		B65E18E221DB80C100ADD290 /* PBXTargetDependency */ = {
			isa = PBXTargetDependency;
			target = B65E18C021DB80C000ADD290 /* handwerk_second */;
			targetProxy = B65E18E121DB80C100ADD290 /* PBXContainerItemProxy */;
		};
/* End PBXTargetDependency section */

/* Begin PBXVariantGroup section */
		B65E18C821DB80C000ADD290 /* Main.storyboard */ = {
			isa = PBXVariantGroup;
			children = (
				B65E18C921DB80C000ADD290 /* Base */,
			);
			name = Main.storyboard;
			sourceTree = "<group>";
		};
		B65E18CD21DB80C100ADD290 /* LaunchScreen.storyboard */ = {
			isa = PBXVariantGroup;
			children = (
				B65E18CE21DB80C100ADD290 /* Base */,
			);
			name = LaunchScreen.storyboard;
			sourceTree = "<group>";
		};
/* End PBXVariantGroup section */

/* Begin XCBuildConfiguration section */
		B65E18E721DB80C100ADD290 /* Debug */ = {
			isa = XCBuildConfiguration;
			buildSettings = {
				ALWAYS_SEARCH_USER_PATHS = NO;
				CLANG_ANALYZER_NONNULL = YES;
				CLANG_ANALYZER_NUMBER_OBJECT_CONVERSION = YES_AGGRESSIVE;
				CLANG_CXX_LANGUAGE_STANDARD = "gnu++14";
				CLANG_CXX_LIBRARY = "libc++";
				CLANG_ENABLE_MODULES = YES;
				CLANG_ENABLE_OBJC_ARC = YES;
				CLANG_ENABLE_OBJC_WEAK = YES;
				CLANG_WARN_BLOCK_CAPTURE_AUTORELEASING = YES;
				CLANG_WARN_BOOL_CONVERSION = YES;
				CLANG_WARN_COMMA = YES;
				CLANG_WARN_CONSTANT_CONVERSION = YES;
				CLANG_WARN_DEPRECATED_OBJC_IMPLEMENTATIONS = YES;
				CLANG_WARN_DIRECT_OBJC_ISA_USAGE = YES_ERROR;
				CLANG_WARN_DOCUMENTATION_COMMENTS = YES;
				CLANG_WARN_EMPTY_BODY = YES;
				CLANG_WARN_ENUM_CONVERSION = YES;
				CLANG_WARN_INFINITE_RECURSION = YES;
				CLANG_WARN_INT_CONVERSION = YES;
				CLANG_WARN_NON_LITERAL_NULL_CONVERSION = YES;
				CLANG_WARN_OBJC_IMPLICIT_RETAIN_SELF = YES;
				CLANG_WARN_OBJC_LITERAL_CONVERSION = YES;
				CLANG_WARN_OBJC_ROOT_CLASS = YES_ERROR;
				CLANG_WARN_RANGE_LOOP_ANALYSIS = YES;
				CLANG_WARN_STRICT_PROTOTYPES = YES;
				CLANG_WARN_SUSPICIOUS_MOVE = YES;
				CLANG_WARN_UNGUARDED_AVAILABILITY = YES_AGGRESSIVE;
				CLANG_WARN_UNREACHABLE_CODE = YES;
				CLANG_WARN__DUPLICATE_METHOD_MATCH = YES;
				CODE_SIGN_IDENTITY = "iPhone Developer";
				COPY_PHASE_STRIP = NO;
				DEBUG_INFORMATION_FORMAT = dwarf;
				ENABLE_STRICT_OBJC_MSGSEND = YES;
				ENABLE_TESTABILITY = YES;
				GCC_C_LANGUAGE_STANDARD = gnu11;
				GCC_DYNAMIC_NO_PIC = NO;
				GCC_NO_COMMON_BLOCKS = YES;
				GCC_OPTIMIZATION_LEVEL = 0;
				GCC_PREPROCESSOR_DEFINITIONS = (
					"DEBUG=1",
					"$(inherited)",
				);
				GCC_WARN_64_TO_32_BIT_CONVERSION = YES;
				GCC_WARN_ABOUT_RETURN_TYPE = YES_ERROR;
				GCC_WARN_UNDECLARED_SELECTOR = YES;
				GCC_WARN_UNINITIALIZED_AUTOS = YES_AGGRESSIVE;
				GCC_WARN_UNUSED_FUNCTION = YES;
				GCC_WARN_UNUSED_VARIABLE = YES;
				IPHONEOS_DEPLOYMENT_TARGET = 12.1;
				MTL_ENABLE_DEBUG_INFO = INCLUDE_SOURCE;
				MTL_FAST_MATH = YES;
				ONLY_ACTIVE_ARCH = YES;
				SDKROOT = iphoneos;
				SWIFT_ACTIVE_COMPILATION_CONDITIONS = DEBUG;
				SWIFT_OPTIMIZATION_LEVEL = "-Onone";
			};
			name = Debug;
		};
		B65E18E821DB80C100ADD290 /* Release */ = {
			isa = XCBuildConfiguration;
			buildSettings = {
				ALWAYS_SEARCH_USER_PATHS = NO;
				CLANG_ANALYZER_NONNULL = YES;
				CLANG_ANALYZER_NUMBER_OBJECT_CONVERSION = YES_AGGRESSIVE;
				CLANG_CXX_LANGUAGE_STANDARD = "gnu++14";
				CLANG_CXX_LIBRARY = "libc++";
				CLANG_ENABLE_MODULES = YES;
				CLANG_ENABLE_OBJC_ARC = YES;
				CLANG_ENABLE_OBJC_WEAK = YES;
				CLANG_WARN_BLOCK_CAPTURE_AUTORELEASING = YES;
				CLANG_WARN_BOOL_CONVERSION = YES;
				CLANG_WARN_COMMA = YES;
				CLANG_WARN_CONSTANT_CONVERSION = YES;
				CLANG_WARN_DEPRECATED_OBJC_IMPLEMENTATIONS = YES;
				CLANG_WARN_DIRECT_OBJC_ISA_USAGE = YES_ERROR;
				CLANG_WARN_DOCUMENTATION_COMMENTS = YES;
				CLANG_WARN_EMPTY_BODY = YES;
				CLANG_WARN_ENUM_CONVERSION = YES;
				CLANG_WARN_INFINITE_RECURSION = YES;
				CLANG_WARN_INT_CONVERSION = YES;
				CLANG_WARN_NON_LITERAL_NULL_CONVERSION = YES;
				CLANG_WARN_OBJC_IMPLICIT_RETAIN_SELF = YES;
				CLANG_WARN_OBJC_LITERAL_CONVERSION = YES;
				CLANG_WARN_OBJC_ROOT_CLASS = YES_ERROR;
				CLANG_WARN_RANGE_LOOP_ANALYSIS = YES;
				CLANG_WARN_STRICT_PROTOTYPES = YES;
				CLANG_WARN_SUSPICIOUS_MOVE = YES;
				CLANG_WARN_UNGUARDED_AVAILABILITY = YES_AGGRESSIVE;
				CLANG_WARN_UNREACHABLE_CODE = YES;
				CLANG_WARN__DUPLICATE_METHOD_MATCH = YES;
				CODE_SIGN_IDENTITY = "iPhone Developer";
				COPY_PHASE_STRIP = NO;
				DEBUG_INFORMATION_FORMAT = "dwarf-with-dsym";
				ENABLE_NS_ASSERTIONS = NO;
				ENABLE_STRICT_OBJC_MSGSEND = YES;
				GCC_C_LANGUAGE_STANDARD = gnu11;
				GCC_NO_COMMON_BLOCKS = YES;
				GCC_WARN_64_TO_32_BIT_CONVERSION = YES;
				GCC_WARN_ABOUT_RETURN_TYPE = YES_ERROR;
				GCC_WARN_UNDECLARED_SELECTOR = YES;
				GCC_WARN_UNINITIALIZED_AUTOS = YES_AGGRESSIVE;
				GCC_WARN_UNUSED_FUNCTION = YES;
				GCC_WARN_UNUSED_VARIABLE = YES;
				IPHONEOS_DEPLOYMENT_TARGET = 12.1;
				MTL_ENABLE_DEBUG_INFO = NO;
				MTL_FAST_MATH = YES;
				SDKROOT = iphoneos;
				SWIFT_COMPILATION_MODE = wholemodule;
				SWIFT_OPTIMIZATION_LEVEL = "-O";
				VALIDATE_PRODUCT = YES;
			};
			name = Release;
		};
		B65E18EA21DB80C100ADD290 /* Debug */ = {
			isa = XCBuildConfiguration;
			buildSettings = {
				ASSETCATALOG_COMPILER_APPICON_NAME = AppIcon;
				CODE_SIGN_STYLE = Automatic;
				INFOPLIST_FILE = handwerk_second/Info.plist;
				LD_RUNPATH_SEARCH_PATHS = (
					"$(inherited)",
					"@executable_path/Frameworks",
				);
				PRODUCT_BUNDLE_IDENTIFIER = "sh.bae.handwerk-second";
				PRODUCT_NAME = "$(TARGET_NAME)";
				SWIFT_VERSION = 4.2;
				TARGETED_DEVICE_FAMILY = "1,2";
			};
			name = Debug;
		};
		B65E18EB21DB80C100ADD290 /* Release */ = {
			isa = XCBuildConfiguration;
			buildSettings = {
				ASSETCATALOG_COMPILER_APPICON_NAME = AppIcon;
				CODE_SIGN_STYLE = Automatic;
				INFOPLIST_FILE = handwerk_second/Info.plist;
				LD_RUNPATH_SEARCH_PATHS = (
					"$(inherited)",
					"@executable_path/Frameworks",
				);
				PRODUCT_BUNDLE_IDENTIFIER = "sh.bae.handwerk-second";
				PRODUCT_NAME = "$(TARGET_NAME)";
				SWIFT_VERSION = 4.2;
				TARGETED_DEVICE_FAMILY = "1,2";
			};
			name = Release;
		};
		B65E18ED21DB80C100ADD290 /* Debug */ = {
			isa = XCBuildConfiguration;
			buildSettings = {
				ALWAYS_EMBED_SWIFT_STANDARD_LIBRARIES = YES;
				BUNDLE_LOADER = "$(TEST_HOST)";
				CODE_SIGN_STYLE = Automatic;
				INFOPLIST_FILE = handwerk_secondTests/Info.plist;
				LD_RUNPATH_SEARCH_PATHS = (
					"$(inherited)",
					"@executable_path/Frameworks",
					"@loader_path/Frameworks",
				);
				PRODUCT_BUNDLE_IDENTIFIER = "sh.bae.handwerk-secondTests";
				PRODUCT_NAME = "$(TARGET_NAME)";
				SWIFT_VERSION = 4.2;
				TARGETED_DEVICE_FAMILY = "1,2";
				TEST_HOST = "$(BUILT_PRODUCTS_DIR)/handwerk_second.app/handwerk_second";
			};
			name = Debug;
		};
		B65E18EE21DB80C100ADD290 /* Release */ = {
			isa = XCBuildConfiguration;
			buildSettings = {
				ALWAYS_EMBED_SWIFT_STANDARD_LIBRARIES = YES;
				BUNDLE_LOADER = "$(TEST_HOST)";
				CODE_SIGN_STYLE = Automatic;
				INFOPLIST_FILE = handwerk_secondTests/Info.plist;
				LD_RUNPATH_SEARCH_PATHS = (
					"$(inherited)",
					"@executable_path/Frameworks",
					"@loader_path/Frameworks",
				);
				PRODUCT_BUNDLE_IDENTIFIER = "sh.bae.handwerk-secondTests";
				PRODUCT_NAME = "$(TARGET_NAME)";
				SWIFT_VERSION = 4.2;
				TARGETED_DEVICE_FAMILY = "1,2";
				TEST_HOST = "$(BUILT_PRODUCTS_DIR)/handwerk_second.app/handwerk_second";
			};
			name = Release;
		};
		B65E18F021DB80C100ADD290 /* Debug */ = {
			isa = XCBuildConfiguration;
			buildSettings = {
				ALWAYS_EMBED_SWIFT_STANDARD_LIBRARIES = YES;
				CODE_SIGN_STYLE = Automatic;
				INFOPLIST_FILE = handwerk_secondUITests/Info.plist;
				LD_RUNPATH_SEARCH_PATHS = (
					"$(inherited)",
					"@executable_path/Frameworks",
					"@loader_path/Frameworks",
				);
				PRODUCT_BUNDLE_IDENTIFIER = "sh.bae.handwerk-secondUITests";
				PRODUCT_NAME = "$(TARGET_NAME)";
				SWIFT_VERSION = 4.2;
				TARGETED_DEVICE_FAMILY = "1,2";
				TEST_TARGET_NAME = handwerk_second;
			};
			name = Debug;
		};
		B65E18F121DB80C100ADD290 /* Release */ = {
			isa = XCBuildConfiguration;
			buildSettings = {
				ALWAYS_EMBED_SWIFT_STANDARD_LIBRARIES = YES;
				CODE_SIGN_STYLE = Automatic;
				INFOPLIST_FILE = handwerk_secondUITests/Info.plist;
				LD_RUNPATH_SEARCH_PATHS = (
					"$(inherited)",
					"@executable_path/Frameworks",
					"@loader_path/Frameworks",
				);
				PRODUCT_BUNDLE_IDENTIFIER = "sh.bae.handwerk-secondUITests";
				PRODUCT_NAME = "$(TARGET_NAME)";
				SWIFT_VERSION = 4.2;
				TARGETED_DEVICE_FAMILY = "1,2";
				TEST_TARGET_NAME = handwerk_second;
			};
			name = Release;
		};
/* End XCBuildConfiguration section */

/* Begin XCConfigurationList section */
		B65E18BC21DB80C000ADD290 /* Build configuration list for PBXProject "handwerk_second" */ = {
			isa = XCConfigurationList;
			buildConfigurations = (
				B65E18E721DB80C100ADD290 /* Debug */,
				B65E18E821DB80C100ADD290 /* Release */,
			);
			defaultConfigurationIsVisible = 0;
			defaultConfigurationName = Release;
		};
		B65E18E921DB80C100ADD290 /* Build configuration list for PBXNativeTarget "handwerk_second" */ = {
			isa = XCConfigurationList;
			buildConfigurations = (
				B65E18EA21DB80C100ADD290 /* Debug */,
				B65E18EB21DB80C100ADD290 /* Release */,
			);
			defaultConfigurationIsVisible = 0;
			defaultConfigurationName = Release;
		};
		B65E18EC21DB80C100ADD290 /* Build configuration list for PBXNativeTarget "handwerk_secondTests" */ = {
			isa = XCConfigurationList;
			buildConfigurations = (
				B65E18ED21DB80C100ADD290 /* Debug */,
				B65E18EE21DB80C100ADD290 /* Release */,
			);
			defaultConfigurationIsVisible = 0;
			defaultConfigurationName = Release;
		};
		B65E18EF21DB80C100ADD290 /* Build configuration list for PBXNativeTarget "handwerk_secondUITests" */ = {
			isa = XCConfigurationList;
			buildConfigurations = (
				B65E18F021DB80C100ADD290 /* Debug */,
				B65E18F121DB80C100ADD290 /* Release */,
			);
			defaultConfigurationIsVisible = 0;
			defaultConfigurationName = Release;
		};
/* End XCConfigurationList section */
	};
	rootObject = B65E18B921DB80C000ADD290 /* Project object */;
}
